
Microsoft Visual Studio Solution File, Format Version 12.00
# Visual Studio Version 17
VisualStudioVersion = 17.6.33815.320
MinimumVisualStudioVersion = 10.0.40219.1
Project("{FAE04EC0-301F-11D3-BF4B-00C04F79EFBC}") = "PaginaWeb", "PaginaWeb\PaginaWeb.csproj", "{02484307-1841-4E27-98DC-62CB73CF3BD0}"
EndProject
Global
	GlobalSection(SolutionConfigurationPlatforms) = preSolution
		Debug|Any CPU = Debug|Any CPU
		Release|Any CPU = Release|Any CPU
	EndGlobalSection
	GlobalSection(ProjectConfigurationPlatforms) = postSolution
		{02484307-1841-4E27-98DC-62CB73CF3BD0}.Debug|Any CPU.ActiveCfg = Debug|Any CPU
		{02484307-1841-4E27-98DC-62CB73CF3BD0}.Debug|Any CPU.Build.0 = Debug|Any CPU
		{02484307-1841-4E27-98DC-62CB73CF3BD0}.Release|Any CPU.ActiveCfg = Release|Any CPU
		{02484307-1841-4E27-98DC-62CB73CF3BD0}.Release|Any CPU.Build.0 = Release|Any CPU
	EndGlobalSection
	GlobalSection(SolutionProperties) = preSolution
		HideSolutionNode = FALSE
	EndGlobalSection
	GlobalSection(ExtensibilityGlobals) = postSolution
		SolutionGuid = {52487D3A-182C-40CD-AA0D-D5F66D4E987C}
	EndGlobalSection
EndGlobal
